{"packages":{"unittest":{"version":"0.0.0-r.14167","source":"sdk","description":"unittest"},"args":{"version":"0.0.0-r.14167","source":"sdk","description":"args"},"graphml":{"version":"0.0.0","source":"git","description":{"url":"https://github.com/filiph/dart-graphml.git","ref":null,"resolved-ref":"75573b0052d5ab73f743f1be6fee85a0e9c17242"}},"xml":{"version":"0.1.1","source":"git","description":{"url":"https://github.com/filiph/dart-xml.git","ref":null,"resolved-ref":"463bf7d2f39ffb449160c48a5e4759b87ac7fd3d"}}}}