{"packages":{"unittest":{"version":"0.0.0-r.13387","source":"sdk","description":"unittest"},"graphml":{"version":"0.0.0","source":"git","description":{"url":"https://github.com/filiph/dart-graphml.git","ref":null,"resolved-ref":"75573b0052d5ab73f743f1be6fee85a0e9c17242"}},"xml":{"version":"0.0.1","source":"git","description":{"url":"https://github.com/filiph/dart-xml.git","ref":null,"resolved-ref":"3e92649cec7e6fc7b0ec9d5be86edecc9cfb1943"}}}}